
Microsoft Visual Studio Solution File, Format Version 12.00
# Visual Studio Version 16
VisualStudioVersion = 16.0.30804.86
MinimumVisualStudioVersion = 10.0.40219.1
Project("{FAE04EC0-301F-11D3-BF4B-00C04F79EFBC}") = "TextService", "TextService\TextService.csproj", "{FDD02E51-F1AB-46F0-B9D9-AD1C2CA8F32C}"
EndProject
Project("{FAE04EC0-301F-11D3-BF4B-00C04F79EFBC}") = "TextService.Entities", "TextService.Entities\TextService.Entities.csproj", "{C7B069BC-11E2-47B3-88F0-00FF2728F732}"
EndProject
Project("{FAE04EC0-301F-11D3-BF4B-00C04F79EFBC}") = "Text.Service.Repositories", "Text.Service.Repositories\Text.Service.Repositories.csproj", "{CEF8E07F-9840-4D97-A294-F92E4FD363EB}"
EndProject
Project("{9A19103F-16F7-4668-BE54-9A1E7A4F7556}") = "RepositoryBase", "..\RepositoryBase\RepositoryBase\RepositoryBase.csproj", "{4E03D2FC-83A3-4D1B-95A7-2DAE317D24AD}"
EndProject
Project("{FAE04EC0-301F-11D3-BF4B-00C04F79EFBC}") = "TextService.Client", "TextService.Client\TextService.Client.csproj", "{E3094354-1A55-4DD9-B67B-408BA1E514CE}"
EndProject
Global
	GlobalSection(SolutionConfigurationPlatforms) = preSolution
		Debug|Any CPU = Debug|Any CPU
		Release|Any CPU = Release|Any CPU
	EndGlobalSection
	GlobalSection(ProjectConfigurationPlatforms) = postSolution
		{FDD02E51-F1AB-46F0-B9D9-AD1C2CA8F32C}.Debug|Any CPU.ActiveCfg = Debug|Any CPU
		{FDD02E51-F1AB-46F0-B9D9-AD1C2CA8F32C}.Debug|Any CPU.Build.0 = Debug|Any CPU
		{FDD02E51-F1AB-46F0-B9D9-AD1C2CA8F32C}.Release|Any CPU.ActiveCfg = Release|Any CPU
		{FDD02E51-F1AB-46F0-B9D9-AD1C2CA8F32C}.Release|Any CPU.Build.0 = Release|Any CPU
		{C7B069BC-11E2-47B3-88F0-00FF2728F732}.Debug|Any CPU.ActiveCfg = Debug|Any CPU
		{C7B069BC-11E2-47B3-88F0-00FF2728F732}.Debug|Any CPU.Build.0 = Debug|Any CPU
		{C7B069BC-11E2-47B3-88F0-00FF2728F732}.Release|Any CPU.ActiveCfg = Release|Any CPU
		{C7B069BC-11E2-47B3-88F0-00FF2728F732}.Release|Any CPU.Build.0 = Release|Any CPU
		{CEF8E07F-9840-4D97-A294-F92E4FD363EB}.Debug|Any CPU.ActiveCfg = Debug|Any CPU
		{CEF8E07F-9840-4D97-A294-F92E4FD363EB}.Debug|Any CPU.Build.0 = Debug|Any CPU
		{CEF8E07F-9840-4D97-A294-F92E4FD363EB}.Release|Any CPU.ActiveCfg = Release|Any CPU
		{CEF8E07F-9840-4D97-A294-F92E4FD363EB}.Release|Any CPU.Build.0 = Release|Any CPU
		{4E03D2FC-83A3-4D1B-95A7-2DAE317D24AD}.Debug|Any CPU.ActiveCfg = Debug|Any CPU
		{4E03D2FC-83A3-4D1B-95A7-2DAE317D24AD}.Debug|Any CPU.Build.0 = Debug|Any CPU
		{4E03D2FC-83A3-4D1B-95A7-2DAE317D24AD}.Release|Any CPU.ActiveCfg = Release|Any CPU
		{4E03D2FC-83A3-4D1B-95A7-2DAE317D24AD}.Release|Any CPU.Build.0 = Release|Any CPU
		{E3094354-1A55-4DD9-B67B-408BA1E514CE}.Debug|Any CPU.ActiveCfg = Debug|Any CPU
		{E3094354-1A55-4DD9-B67B-408BA1E514CE}.Debug|Any CPU.Build.0 = Debug|Any CPU
		{E3094354-1A55-4DD9-B67B-408BA1E514CE}.Release|Any CPU.ActiveCfg = Release|Any CPU
		{E3094354-1A55-4DD9-B67B-408BA1E514CE}.Release|Any CPU.Build.0 = Release|Any CPU
	EndGlobalSection
	GlobalSection(SolutionProperties) = preSolution
		HideSolutionNode = FALSE
	EndGlobalSection
	GlobalSection(ExtensibilityGlobals) = postSolution
		SolutionGuid = {F59518D6-0E73-4E1E-BA30-495E7F033DEF}
	EndGlobalSection
EndGlobal
