
Microsoft Visual Studio Solution File, Format Version 12.00
# Visual Studio Version 16
VisualStudioVersion = 16.0.31205.134
MinimumVisualStudioVersion = 10.0.40219.1
Project("{9A19103F-16F7-4668-BE54-9A1E7A4F7556}") = "Openweathermap", "Openweathermap.csproj", "{153411BB-6A96-4657-BA93-F682B20C2E02}"
EndProject
Project("{FAE04EC0-301F-11D3-BF4B-00C04F79EFBC}") = "Openweathermap.Client", "..\Openweathermap.Client\Openweathermap.Client.csproj", "{5166A392-0239-4836-B4D3-6952DBC76280}"
EndProject
Global
	GlobalSection(SolutionConfigurationPlatforms) = preSolution
		Debug|Any CPU = Debug|Any CPU
		Release|Any CPU = Release|Any CPU
	EndGlobalSection
	GlobalSection(ProjectConfigurationPlatforms) = postSolution
		{153411BB-6A96-4657-BA93-F682B20C2E02}.Debug|Any CPU.ActiveCfg = Debug|Any CPU
		{153411BB-6A96-4657-BA93-F682B20C2E02}.Debug|Any CPU.Build.0 = Debug|Any CPU
		{153411BB-6A96-4657-BA93-F682B20C2E02}.Release|Any CPU.ActiveCfg = Release|Any CPU
		{153411BB-6A96-4657-BA93-F682B20C2E02}.Release|Any CPU.Build.0 = Release|Any CPU
		{5166A392-0239-4836-B4D3-6952DBC76280}.Debug|Any CPU.ActiveCfg = Debug|Any CPU
		{5166A392-0239-4836-B4D3-6952DBC76280}.Debug|Any CPU.Build.0 = Debug|Any CPU
		{5166A392-0239-4836-B4D3-6952DBC76280}.Release|Any CPU.ActiveCfg = Release|Any CPU
		{5166A392-0239-4836-B4D3-6952DBC76280}.Release|Any CPU.Build.0 = Release|Any CPU
	EndGlobalSection
	GlobalSection(SolutionProperties) = preSolution
		HideSolutionNode = FALSE
	EndGlobalSection
	GlobalSection(ExtensibilityGlobals) = postSolution
		SolutionGuid = {754D008C-9EA3-46B5-8485-8A4A583FB203}
	EndGlobalSection
EndGlobal
